
Microsoft Visual Studio Solution File, Format Version 12.00
# Visual Studio 2017
Project("{FAE04EC0-301F-11D3-BF4B-00C04F79EFBC}") = "Pollux-3etage-V2-UnityVer.5.6", "Pollux-3etage-V2-UnityVer.5.6.csproj", "{EF1D7BD9-DE1C-F782-AF19-DE030481E2F9}"
EndProject
Project("{FAE04EC0-301F-11D3-BF4B-00C04F79EFBC}") = "Pollux-3etage-V2-UnityVer.5.6.Editor", "Pollux-3etage-V2-UnityVer.5.6.Editor.csproj", "{58AF34BA-304F-D439-E224-E5635F9BA3E2}"
EndProject
Global
	GlobalSection(SolutionConfigurationPlatforms) = preSolution
		Debug|Any CPU = Debug|Any CPU
		Release|Any CPU = Release|Any CPU
	EndGlobalSection
	GlobalSection(ProjectConfigurationPlatforms) = postSolution
		{EF1D7BD9-DE1C-F782-AF19-DE030481E2F9}.Debug|Any CPU.ActiveCfg = Debug|Any CPU
		{EF1D7BD9-DE1C-F782-AF19-DE030481E2F9}.Debug|Any CPU.Build.0 = Debug|Any CPU
		{EF1D7BD9-DE1C-F782-AF19-DE030481E2F9}.Release|Any CPU.ActiveCfg = Release|Any CPU
		{EF1D7BD9-DE1C-F782-AF19-DE030481E2F9}.Release|Any CPU.Build.0 = Release|Any CPU
		{58AF34BA-304F-D439-E224-E5635F9BA3E2}.Debug|Any CPU.ActiveCfg = Debug|Any CPU
		{58AF34BA-304F-D439-E224-E5635F9BA3E2}.Debug|Any CPU.Build.0 = Debug|Any CPU
		{58AF34BA-304F-D439-E224-E5635F9BA3E2}.Release|Any CPU.ActiveCfg = Release|Any CPU
		{58AF34BA-304F-D439-E224-E5635F9BA3E2}.Release|Any CPU.Build.0 = Release|Any CPU
	EndGlobalSection
	GlobalSection(SolutionProperties) = preSolution
		HideSolutionNode = FALSE
	EndGlobalSection
EndGlobal
